
Microsoft Visual Studio Solution File, Format Version 12.00
# Visual Studio 15
VisualStudioVersion = 15.0.27004.2009
MinimumVisualStudioVersion = 10.0.40219.1
Project("{FAE04EC0-301F-11D3-BF4B-00C04F79EFBC}") = "AUPGen", "AUPGen.csproj", "{BFE137F9-462A-4E23-986E-1C91970C7DB4}"
EndProject
Global
	GlobalSection(SolutionConfigurationPlatforms) = preSolution
		Debug|Any CPU = Debug|Any CPU
		Release|Any CPU = Release|Any CPU
	EndGlobalSection
	GlobalSection(ProjectConfigurationPlatforms) = postSolution
		{BFE137F9-462A-4E23-986E-1C91970C7DB4}.Debug|Any CPU.ActiveCfg = Debug|Any CPU
		{BFE137F9-462A-4E23-986E-1C91970C7DB4}.Debug|Any CPU.Build.0 = Debug|Any CPU
		{BFE137F9-462A-4E23-986E-1C91970C7DB4}.Release|Any CPU.ActiveCfg = Release|Any CPU
		{BFE137F9-462A-4E23-986E-1C91970C7DB4}.Release|Any CPU.Build.0 = Release|Any CPU
	EndGlobalSection
	GlobalSection(SolutionProperties) = preSolution
		HideSolutionNode = FALSE
	EndGlobalSection
	GlobalSection(ExtensibilityGlobals) = postSolution
		SolutionGuid = {BDE7AEFA-54E2-49AE-80CE-FE163ECD1DCB}
	EndGlobalSection
EndGlobal
